
Microsoft Visual Studio Solution File, Format Version 12.00
# Visual Studio 15
VisualStudioVersion = 15.0.34112.143
MinimumVisualStudioVersion = 10.0.40219.1
Project("{8BC9CEB8-8B4A-11D0-8D11-00A0C91BC942}") = "p30", "p30\p30.vcxproj", "{E93DD919-5099-4320-A0EC-6D699E42F49B}"
EndProject
Global
	GlobalSection(SolutionConfigurationPlatforms) = preSolution
		Debug|x64 = Debug|x64
		Debug|x86 = Debug|x86
		Release|x64 = Release|x64
		Release|x86 = Release|x86
	EndGlobalSection
	GlobalSection(ProjectConfigurationPlatforms) = postSolution
		{E93DD919-5099-4320-A0EC-6D699E42F49B}.Debug|x64.ActiveCfg = Debug|x64
		{E93DD919-5099-4320-A0EC-6D699E42F49B}.Debug|x64.Build.0 = Debug|x64
		{E93DD919-5099-4320-A0EC-6D699E42F49B}.Debug|x86.ActiveCfg = Debug|Win32
		{E93DD919-5099-4320-A0EC-6D699E42F49B}.Debug|x86.Build.0 = Debug|Win32
		{E93DD919-5099-4320-A0EC-6D699E42F49B}.Release|x64.ActiveCfg = Release|x64
		{E93DD919-5099-4320-A0EC-6D699E42F49B}.Release|x64.Build.0 = Release|x64
		{E93DD919-5099-4320-A0EC-6D699E42F49B}.Release|x86.ActiveCfg = Release|Win32
		{E93DD919-5099-4320-A0EC-6D699E42F49B}.Release|x86.Build.0 = Release|Win32
	EndGlobalSection
	GlobalSection(SolutionProperties) = preSolution
		HideSolutionNode = FALSE
	EndGlobalSection
	GlobalSection(ExtensibilityGlobals) = postSolution
		SolutionGuid = {0065D1F7-2FBA-43D5-8087-4E3AF8A27E74}
	EndGlobalSection
EndGlobal
